
Microsoft Visual Studio Solution File, Format Version 12.00
# Visual Studio Version 17
VisualStudioVersion = 17.14.36511.14
MinimumVisualStudioVersion = 10.0.40219.1
Project("{FAE04EC0-301F-11D3-BF4B-00C04F79EFBC}") = "HttpPinger", "HttpPinger.csproj", "{AAD1DFA7-AEB5-4BF4-A392-B4B1A278F577}"
EndProject
Project("{FAE04EC0-301F-11D3-BF4B-00C04F79EFBC}") = "HttpPinger.Tests", "..\tests\HttpPinger.Tests\HttpPinger.Tests.csproj", "{51A0E7F8-01AE-94AF-3C3F-AE9491EA60AE}"
EndProject
Global
	GlobalSection(SolutionConfigurationPlatforms) = preSolution
		Debug|Any CPU = Debug|Any CPU
		Release|Any CPU = Release|Any CPU
	EndGlobalSection
	GlobalSection(ProjectConfigurationPlatforms) = postSolution
		{AAD1DFA7-AEB5-4BF4-A392-B4B1A278F577}.Debug|Any CPU.ActiveCfg = Debug|Any CPU
		{AAD1DFA7-AEB5-4BF4-A392-B4B1A278F577}.Debug|Any CPU.Build.0 = Debug|Any CPU
		{AAD1DFA7-AEB5-4BF4-A392-B4B1A278F577}.Release|Any CPU.ActiveCfg = Release|Any CPU
		{AAD1DFA7-AEB5-4BF4-A392-B4B1A278F577}.Release|Any CPU.Build.0 = Release|Any CPU
		{51A0E7F8-01AE-94AF-3C3F-AE9491EA60AE}.Debug|Any CPU.ActiveCfg = Debug|Any CPU
		{51A0E7F8-01AE-94AF-3C3F-AE9491EA60AE}.Debug|Any CPU.Build.0 = Debug|Any CPU
		{51A0E7F8-01AE-94AF-3C3F-AE9491EA60AE}.Release|Any CPU.ActiveCfg = Release|Any CPU
		{51A0E7F8-01AE-94AF-3C3F-AE9491EA60AE}.Release|Any CPU.Build.0 = Release|Any CPU
	EndGlobalSection
	GlobalSection(SolutionProperties) = preSolution
		HideSolutionNode = FALSE
	EndGlobalSection
	GlobalSection(ExtensibilityGlobals) = postSolution
		SolutionGuid = {90EFA134-0050-46F0-A96D-25B28BCDDAC6}
	EndGlobalSection
EndGlobal
